{
  "lockfile_version": "1",
  "packages": {
    "go@1.23.0": {
      "last_modified": "2024-08-14T11:41:26Z",
      "resolved": "github:NixOS/nixpkgs/0cb2fd7c59fed0cd82ef858cbcbdb552b9a33465#go_1_23",
      "source": "devbox-search",
      "version": "1.23.0",
      "systems": {
        "aarch64-darwin": {
          "outputs": [
            {
              "name": "out",
              "path": "/nix/store/x097y3rdlvw6ax1id52xx2didgzxjg34-go-1.23.0",
              "default": true
            }
          ],
          "store_path": "/nix/store/x097y3rdlvw6ax1id52xx2didgzxjg34-go-1.23.0"
        },
        "aarch64-linux": {
          "outputs": [
            {
              "name": "out",
              "path": "/nix/store/znns5qk7fbhjb89bqhabxjxpgiq2ag1a-go-1.23.0",
              "default": true
            }
          ],
          "store_path": "/nix/store/znns5qk7fbhjb89bqhabxjxpgiq2ag1a-go-1.23.0"
        },
        "x86_64-darwin": {
          "outputs": [
            {
              "name": "out",
              "path": "/nix/store/psym5ggdincwihwd81kssc4gbw1k3p3h-go-1.23.0",
              "default": true
            }
          ],
          "store_path": "/nix/store/psym5ggdincwihwd81kssc4gbw1k3p3h-go-1.23.0"
        },
        "x86_64-linux": {
          "outputs": [
            {
              "name": "out",
              "path": "/nix/store/0k144pnsvy0wa3dcl1y3df7d4zskylc4-go-1.23.0",
              "default": true
            }
          ],
          "store_path": "/nix/store/0k144pnsvy0wa3dcl1y3df7d4zskylc4-go-1.23.0"
        }
      }
    },
    "postgresql@latest": {
      "last_modified": "2024-08-21T20:16:49Z",
      "plugin_version": "0.0.2",
      "resolved": "github:NixOS/nixpkgs/36a9aeaaa17a2d4348498275f9fe530cd4f9e519#postgresql",
      "source": "devbox-search",
      "version": "16.4",
      "systems": {
        "aarch64-darwin": {
          "outputs": [
            {
              "name": "out",
              "path": "/nix/store/i0asdxabgdls1xnjgd1a5y1fv27nfmfw-postgresql-16.4",
              "default": true
            },
            {
              "name": "man",
              "path": "/nix/store/mx2n38fqz3y7bbw9i2vccgr1nr53nlhy-postgresql-16.4-man",
              "default": true
            },
            {
              "name": "doc",
              "path": "/nix/store/8s96kqcqdjxczgqlwjsp5sd293pgfc1m-postgresql-16.4-doc"
            },
            {
              "name": "lib",
              "path": "/nix/store/jvc35r9p6y5pv8i7skbmbi120s7jq6ay-postgresql-16.4-lib"
            }
          ],
          "store_path": "/nix/store/i0asdxabgdls1xnjgd1a5y1fv27nfmfw-postgresql-16.4"
        },
        "aarch64-linux": {
          "outputs": [
            {
              "name": "out",
              "path": "/nix/store/d1ks0fmlm3jx4zb3zs8ghp973v28p2hi-postgresql-16.4",
              "default": true
            },
            {
              "name": "man",
              "path": "/nix/store/kvf1yxvm3zsbykm022zhk5xjdsady9c1-postgresql-16.4-man",
              "default": true
            },
            {
              "name": "debug",
              "path": "/nix/store/mxf4lgspi1c2ag5z3nmr2sd8q6pmssjb-postgresql-16.4-debug"
            },
            {
              "name": "doc",
              "path": "/nix/store/f1vyyv54ai0hq553ncm8ahaz5i948ign-postgresql-16.4-doc"
            },
            {
              "name": "lib",
              "path": "/nix/store/wbypzrzg1z9yl6cw6n4c2703z9m3dyzl-postgresql-16.4-lib"
            }
          ],
          "store_path": "/nix/store/d1ks0fmlm3jx4zb3zs8ghp973v28p2hi-postgresql-16.4"
        },
        "x86_64-darwin": {
          "outputs": [
            {
              "name": "out",
              "path": "/nix/store/fpwv4ygz88bdk9xa3zw9almda756p9x8-postgresql-16.4",
              "default": true
            },
            {
              "name": "man",
              "path": "/nix/store/yn0kvg33b2c6bkparh2vb74m2fdpszzs-postgresql-16.4-man",
              "default": true
            },
            {
              "name": "doc",
              "path": "/nix/store/66sbl8q8gl2v6gjck736pg9ay8h68apy-postgresql-16.4-doc"
            },
            {
              "name": "lib",
              "path": "/nix/store/qlp9p58ph8i1pjn6cnz0mycq64kid88a-postgresql-16.4-lib"
            }
          ],
          "store_path": "/nix/store/fpwv4ygz88bdk9xa3zw9almda756p9x8-postgresql-16.4"
        },
        "x86_64-linux": {
          "outputs": [
            {
              "name": "out",
              "path": "/nix/store/48abcjx52nbp8myygxgwqb4gh4xsg5fa-postgresql-16.4",
              "default": true
            },
            {
              "name": "man",
              "path": "/nix/store/nskmfhwxkzpn0cb1b69ap46jp9qcdg5p-postgresql-16.4-man",
              "default": true
            },
            {
              "name": "debug",
              "path": "/nix/store/mwdr7qpyf1ggllcs0f1qgywj3rab14v4-postgresql-16.4-debug"
            },
            {
              "name": "doc",
              "path": "/nix/store/vxrd7vs1v3mv70004mrs3070fjl58vrr-postgresql-16.4-doc"
            },
            {
              "name": "lib",
              "path": "/nix/store/37l0ff1bqzppalq55g7a5af0fcvg47wy-postgresql-16.4-lib"
            }
          ],
          "store_path": "/nix/store/48abcjx52nbp8myygxgwqb4gh4xsg5fa-postgresql-16.4"
        }
      }
    },
    "redis@latest": {
      "last_modified": "2024-08-14T11:41:26Z",
      "plugin_version": "0.0.2",
      "resolved": "github:NixOS/nixpkgs/0cb2fd7c59fed0cd82ef858cbcbdb552b9a33465#redis",
      "source": "devbox-search",
      "version": "7.2.5",
      "systems": {
        "aarch64-darwin": {
          "outputs": [
            {
              "name": "out",
              "path": "/nix/store/6i24pj69i3v1s91l0l4f9386qzjxg897-redis-7.2.5",
              "default": true
            }
          ],
          "store_path": "/nix/store/6i24pj69i3v1s91l0l4f9386qzjxg897-redis-7.2.5"
        },
        "aarch64-linux": {
          "outputs": [
            {
              "name": "out",
              "path": "/nix/store/lvcma0qz40lprz5ja5g5l7lbl6zax2pq-redis-7.2.5",
              "default": true
            }
          ],
          "store_path": "/nix/store/lvcma0qz40lprz5ja5g5l7lbl6zax2pq-redis-7.2.5"
        },
        "x86_64-darwin": {
          "outputs": [
            {
              "name": "out",
              "path": "/nix/store/n1x2p3aam0f82c32qrs0mj1x5ahcsfap-redis-7.2.5",
              "default": true
            }
          ],
          "store_path": "/nix/store/n1x2p3aam0f82c32qrs0mj1x5ahcsfap-redis-7.2.5"
        },
        "x86_64-linux": {
          "outputs": [
            {
              "name": "out",
              "path": "/nix/store/10f3hl7x9gk10gxhbpcw91mlyi7wfw2g-redis-7.2.5",
              "default": true
            }
          ],
          "store_path": "/nix/store/10f3hl7x9gk10gxhbpcw91mlyi7wfw2g-redis-7.2.5"
        }
      }
    }
  }
}
